
Microsoft Visual Studio Solution File, Format Version 12.00
# Visual Studio 14
VisualStudioVersion = 14.0.25420.1
MinimumVisualStudioVersion = 10.0.40219.1
Project("{8BC9CEB8-8B4A-11D0-8D11-00A0C91BC942}") = "RUIYIN_OMRON", "RUIYIN_OMRON\RUIYIN_OMRON.vcxproj", "{791B99C3-5051-4B12-9EAA-9DEF3D46E1F6}"
EndProject
Project("{8BC9CEB8-8B4A-11D0-8D11-00A0C91BC942}") = "Blood pressure", "Blood pressure\Blood pressure.vcxproj", "{758FF380-19A4-4D8C-9196-CDDD776517C0}"
EndProject
Global
	GlobalSection(SolutionConfigurationPlatforms) = preSolution
		Debug|x64 = Debug|x64
		Debug|x86 = Debug|x86
		Release|x64 = Release|x64
		Release|x86 = Release|x86
	EndGlobalSection
	GlobalSection(ProjectConfigurationPlatforms) = postSolution
		{791B99C3-5051-4B12-9EAA-9DEF3D46E1F6}.Debug|x64.ActiveCfg = Debug|x64
		{791B99C3-5051-4B12-9EAA-9DEF3D46E1F6}.Debug|x64.Build.0 = Debug|x64
		{791B99C3-5051-4B12-9EAA-9DEF3D46E1F6}.Debug|x86.ActiveCfg = Debug|Win32
		{791B99C3-5051-4B12-9EAA-9DEF3D46E1F6}.Debug|x86.Build.0 = Debug|Win32
		{791B99C3-5051-4B12-9EAA-9DEF3D46E1F6}.Release|x64.ActiveCfg = Release|x64
		{791B99C3-5051-4B12-9EAA-9DEF3D46E1F6}.Release|x64.Build.0 = Release|x64
		{791B99C3-5051-4B12-9EAA-9DEF3D46E1F6}.Release|x86.ActiveCfg = Release|Win32
		{791B99C3-5051-4B12-9EAA-9DEF3D46E1F6}.Release|x86.Build.0 = Release|Win32
		{758FF380-19A4-4D8C-9196-CDDD776517C0}.Debug|x64.ActiveCfg = Debug|x64
		{758FF380-19A4-4D8C-9196-CDDD776517C0}.Debug|x64.Build.0 = Debug|x64
		{758FF380-19A4-4D8C-9196-CDDD776517C0}.Debug|x86.ActiveCfg = Debug|Win32
		{758FF380-19A4-4D8C-9196-CDDD776517C0}.Debug|x86.Build.0 = Debug|Win32
		{758FF380-19A4-4D8C-9196-CDDD776517C0}.Release|x64.ActiveCfg = Release|x64
		{758FF380-19A4-4D8C-9196-CDDD776517C0}.Release|x64.Build.0 = Release|x64
		{758FF380-19A4-4D8C-9196-CDDD776517C0}.Release|x86.ActiveCfg = Release|Win32
		{758FF380-19A4-4D8C-9196-CDDD776517C0}.Release|x86.Build.0 = Release|Win32
	EndGlobalSection
	GlobalSection(SolutionProperties) = preSolution
		HideSolutionNode = FALSE
	EndGlobalSection
EndGlobal
